
Microsoft Visual Studio Solution File, Format Version 12.00
# Visual Studio 14
VisualStudioVersion = 14.0.25420.1
MinimumVisualStudioVersion = 10.0.40219.1
Project("{FAE04EC0-301F-11D3-BF4B-00C04F79EFBC}") = "FactoryTester", "src\FactoryTester\FactoryTester.csproj", "{07D2DD93-8C94-4201-B8F3-73BE78F8F9EE}"
EndProject
Project("{2150E333-8FDC-42A3-9474-1A3956D46DE8}") = "Factory", "Factory", "{DAD88A5C-D308-4E52-8125-F1CC2BD253E1}"
EndProject
Project("{2150E333-8FDC-42A3-9474-1A3956D46DE8}") = "AbstractFactory", "AbstractFactory", "{EDCD7169-EA05-42E5-A49C-9396E9EF7AA1}"
EndProject
Project("{FAE04EC0-301F-11D3-BF4B-00C04F79EFBC}") = "AbstractFactoryTester", "src\AbstractFactoryTester\AbstractFactoryTester.csproj", "{BEB339B9-5A4C-4A78-A052-B45570B879CE}"
EndProject
Project("{2150E333-8FDC-42A3-9474-1A3956D46DE8}") = "Singleton", "Singleton", "{240CB77E-B5CB-4BA6-978A-3C43036B0A48}"
EndProject
Project("{FAE04EC0-301F-11D3-BF4B-00C04F79EFBC}") = "Singleton", "src\Singleton\Singleton.csproj", "{1DC01049-4A57-4B14-96C6-A4030125499B}"
EndProject
Project("{2150E333-8FDC-42A3-9474-1A3956D46DE8}") = "Builder", "Builder", "{6CBB16F6-FB80-407A-83E2-8BD92E1B859D}"
EndProject
Project("{FAE04EC0-301F-11D3-BF4B-00C04F79EFBC}") = "Builder", "src\Builder\Builder.csproj", "{AFF76D8E-983B-4325-B17F-FF3E531AB4BD}"
EndProject
Global
	GlobalSection(SolutionConfigurationPlatforms) = preSolution
		Debug|Any CPU = Debug|Any CPU
		Release|Any CPU = Release|Any CPU
	EndGlobalSection
	GlobalSection(ProjectConfigurationPlatforms) = postSolution
		{07D2DD93-8C94-4201-B8F3-73BE78F8F9EE}.Debug|Any CPU.ActiveCfg = Debug|Any CPU
		{07D2DD93-8C94-4201-B8F3-73BE78F8F9EE}.Debug|Any CPU.Build.0 = Debug|Any CPU
		{07D2DD93-8C94-4201-B8F3-73BE78F8F9EE}.Release|Any CPU.ActiveCfg = Release|Any CPU
		{07D2DD93-8C94-4201-B8F3-73BE78F8F9EE}.Release|Any CPU.Build.0 = Release|Any CPU
		{BEB339B9-5A4C-4A78-A052-B45570B879CE}.Debug|Any CPU.ActiveCfg = Debug|Any CPU
		{BEB339B9-5A4C-4A78-A052-B45570B879CE}.Debug|Any CPU.Build.0 = Debug|Any CPU
		{BEB339B9-5A4C-4A78-A052-B45570B879CE}.Release|Any CPU.ActiveCfg = Release|Any CPU
		{BEB339B9-5A4C-4A78-A052-B45570B879CE}.Release|Any CPU.Build.0 = Release|Any CPU
		{1DC01049-4A57-4B14-96C6-A4030125499B}.Debug|Any CPU.ActiveCfg = Debug|Any CPU
		{1DC01049-4A57-4B14-96C6-A4030125499B}.Debug|Any CPU.Build.0 = Debug|Any CPU
		{1DC01049-4A57-4B14-96C6-A4030125499B}.Release|Any CPU.ActiveCfg = Release|Any CPU
		{1DC01049-4A57-4B14-96C6-A4030125499B}.Release|Any CPU.Build.0 = Release|Any CPU
		{AFF76D8E-983B-4325-B17F-FF3E531AB4BD}.Debug|Any CPU.ActiveCfg = Debug|Any CPU
		{AFF76D8E-983B-4325-B17F-FF3E531AB4BD}.Debug|Any CPU.Build.0 = Debug|Any CPU
		{AFF76D8E-983B-4325-B17F-FF3E531AB4BD}.Release|Any CPU.ActiveCfg = Release|Any CPU
		{AFF76D8E-983B-4325-B17F-FF3E531AB4BD}.Release|Any CPU.Build.0 = Release|Any CPU
	EndGlobalSection
	GlobalSection(SolutionProperties) = preSolution
		HideSolutionNode = FALSE
	EndGlobalSection
	GlobalSection(NestedProjects) = preSolution
		{07D2DD93-8C94-4201-B8F3-73BE78F8F9EE} = {DAD88A5C-D308-4E52-8125-F1CC2BD253E1}
		{BEB339B9-5A4C-4A78-A052-B45570B879CE} = {EDCD7169-EA05-42E5-A49C-9396E9EF7AA1}
		{1DC01049-4A57-4B14-96C6-A4030125499B} = {240CB77E-B5CB-4BA6-978A-3C43036B0A48}
		{AFF76D8E-983B-4325-B17F-FF3E531AB4BD} = {6CBB16F6-FB80-407A-83E2-8BD92E1B859D}
	EndGlobalSection
EndGlobal
